
Microsoft Visual Studio Solution File, Format Version 12.00
# Visual Studio Version 16
VisualStudioVersion = 16.0.30711.63
MinimumVisualStudioVersion = 10.0.40219.1
Project("{FAE04EC0-301F-11D3-BF4B-00C04F79EFBC}") = "DsAlgo", "DsAlgo\DsAlgo.csproj", "{BE816656-97C2-44D1-8AF8-4F135AC815A8}"
EndProject
Project("{FAE04EC0-301F-11D3-BF4B-00C04F79EFBC}") = "UnitTest", "UnitTest\UnitTest.csproj", "{833E6DF3-097A-4830-ACE6-AE759EB96877}"
EndProject
Project("{FAE04EC0-301F-11D3-BF4B-00C04F79EFBC}") = "DsAlgoClassLibrary", "DsAlgoClassLibrary\DsAlgoClassLibrary.csproj", "{1496873B-4E75-4CEB-A299-BC54C87D1059}"
EndProject
Global
	GlobalSection(SolutionConfigurationPlatforms) = preSolution
		Debug|Any CPU = Debug|Any CPU
		Release|Any CPU = Release|Any CPU
	EndGlobalSection
	GlobalSection(ProjectConfigurationPlatforms) = postSolution
		{BE816656-97C2-44D1-8AF8-4F135AC815A8}.Debug|Any CPU.ActiveCfg = Debug|Any CPU
		{BE816656-97C2-44D1-8AF8-4F135AC815A8}.Debug|Any CPU.Build.0 = Debug|Any CPU
		{BE816656-97C2-44D1-8AF8-4F135AC815A8}.Release|Any CPU.ActiveCfg = Release|Any CPU
		{BE816656-97C2-44D1-8AF8-4F135AC815A8}.Release|Any CPU.Build.0 = Release|Any CPU
		{833E6DF3-097A-4830-ACE6-AE759EB96877}.Debug|Any CPU.ActiveCfg = Debug|Any CPU
		{833E6DF3-097A-4830-ACE6-AE759EB96877}.Debug|Any CPU.Build.0 = Debug|Any CPU
		{833E6DF3-097A-4830-ACE6-AE759EB96877}.Release|Any CPU.ActiveCfg = Release|Any CPU
		{833E6DF3-097A-4830-ACE6-AE759EB96877}.Release|Any CPU.Build.0 = Release|Any CPU
		{1496873B-4E75-4CEB-A299-BC54C87D1059}.Debug|Any CPU.ActiveCfg = Debug|Any CPU
		{1496873B-4E75-4CEB-A299-BC54C87D1059}.Debug|Any CPU.Build.0 = Debug|Any CPU
		{1496873B-4E75-4CEB-A299-BC54C87D1059}.Release|Any CPU.ActiveCfg = Release|Any CPU
		{1496873B-4E75-4CEB-A299-BC54C87D1059}.Release|Any CPU.Build.0 = Release|Any CPU
	EndGlobalSection
	GlobalSection(SolutionProperties) = preSolution
		HideSolutionNode = FALSE
	EndGlobalSection
	GlobalSection(ExtensibilityGlobals) = postSolution
		SolutionGuid = {45382E47-F784-499F-81AC-0DE8FD71C110}
	EndGlobalSection
EndGlobal
